
Microsoft Visual Studio Solution File, Format Version 12.00
# Visual Studio 15
VisualStudioVersion = 15.0.28307.329
MinimumVisualStudioVersion = 10.0.40219.1
Project("{9A19103F-16F7-4668-BE54-9A1E7A4F7556}") = "BeiDream.SbsAbp.Core", "BeiDream.SbsAbp.Core\BeiDream.SbsAbp.Core.csproj", "{35231486-8F3D-4E3E-BEAD-349DE87FA96D}"
EndProject
Project("{9A19103F-16F7-4668-BE54-9A1E7A4F7556}") = "BeiDream.SbsAbp.EntityFrameworkCore", "BeiDream.SbsAbp.EntityFrameworkCore\BeiDream.SbsAbp.EntityFrameworkCore.csproj", "{E60FCCAB-7004-48AA-AF6D-38CD2FBDE68C}"
EndProject
Project("{9A19103F-16F7-4668-BE54-9A1E7A4F7556}") = "BeiDream.SbsAbp.Application", "BeiDream.SbsAbp.Application\BeiDream.SbsAbp.Application.csproj", "{91A98D91-2310-4F8B-A9CC-119F02DD4377}"
EndProject
Project("{9A19103F-16F7-4668-BE54-9A1E7A4F7556}") = "BeiDream.SbsAbp.Web.Host", "BeiDream.SbsAbp.Web.Host\BeiDream.SbsAbp.Web.Host.csproj", "{55D53444-67AD-41D3-950D-8F4F579E1862}"
EndProject
Project("{2150E333-8FDC-42A3-9474-1A3956D46DE8}") = "AbpFramework", "AbpFramework", "{FA704B32-F9F2-4E24-AAF6-7757FB3E1D6B}"
EndProject
Project("{2150E333-8FDC-42A3-9474-1A3956D46DE8}") = "AbpZero", "AbpZero", "{37B24F0C-2F3E-439E-948D-3FA5B0ABA1D2}"
EndProject
Project("{9A19103F-16F7-4668-BE54-9A1E7A4F7556}") = "Abp", "AbpFramework\Abp\Abp.csproj", "{195717D4-FA0D-465D-92D4-D3DCB3BC67C5}"
EndProject
Project("{2150E333-8FDC-42A3-9474-1A3956D46DE8}") = "EfCore", "EfCore", "{F70F1382-43F5-49E7-8009-D49DD8FB156F}"
EndProject
Project("{9A19103F-16F7-4668-BE54-9A1E7A4F7556}") = "Abp.EntityFramework.Common", "AbpFramework\Abp.EntityFramework.Common\Abp.EntityFramework.Common.csproj", "{CAC591C9-8F56-47C4-B50C-2696E4EA774D}"
EndProject
Project("{9A19103F-16F7-4668-BE54-9A1E7A4F7556}") = "Abp.EntityFrameworkCore", "AbpFramework\Abp.EntityFrameworkCore\Abp.EntityFrameworkCore.csproj", "{6E217256-3FF1-48B7-81DF-4874D2C4AA00}"
EndProject
Project("{2150E333-8FDC-42A3-9474-1A3956D46DE8}") = "AspNetCore", "AspNetCore", "{92F00D0E-E7E1-4883-9E6B-470B2AE0F564}"
EndProject
Project("{9A19103F-16F7-4668-BE54-9A1E7A4F7556}") = "Abp.Web.Common", "AbpFramework\Abp.Web.Common\Abp.Web.Common.csproj", "{0D5784D2-D937-491A-8C93-6753E7842B34}"
EndProject
Project("{9A19103F-16F7-4668-BE54-9A1E7A4F7556}") = "Abp.AspNetCore", "AbpFramework\Abp.AspNetCore\Abp.AspNetCore.csproj", "{ED5DC473-A7AA-4DED-B155-2775A2C14365}"
EndProject
Project("{2150E333-8FDC-42A3-9474-1A3956D46DE8}") = "Log", "Log", "{E2A91B71-EAFF-49C6-9F57-8786A0BED94D}"
EndProject
Project("{9A19103F-16F7-4668-BE54-9A1E7A4F7556}") = "Abp.Castle.Log4Net", "AbpFramework\Abp.Castle.Log4Net\Abp.Castle.Log4Net.csproj", "{0D99BB89-15BE-42D1-B5F0-213F72E124CD}"
EndProject
Project("{2150E333-8FDC-42A3-9474-1A3956D46DE8}") = "ObjectMapping", "ObjectMapping", "{6A7698DB-9560-4CDE-9E0D-D3ABF312867F}"
EndProject
Project("{9A19103F-16F7-4668-BE54-9A1E7A4F7556}") = "Abp.AutoMapper", "AbpFramework\Abp.AutoMapper\Abp.AutoMapper.csproj", "{C688868D-9341-4447-AD15-A3CCF5B571BB}"
EndProject
Project("{9A19103F-16F7-4668-BE54-9A1E7A4F7556}") = "Abp.ZeroCore", "AbpZero\Abp.ZeroCore\Abp.ZeroCore.csproj", "{C24650E0-67B7-4A0F-B673-30E74633DBF1}"
EndProject
Project("{9A19103F-16F7-4668-BE54-9A1E7A4F7556}") = "Abp.Zero.Common", "AbpZero\Abp.Zero.Common\Abp.Zero.Common.csproj", "{98A4A015-85D4-4D75-9960-DE689A8C11A8}"
EndProject
Project("{9A19103F-16F7-4668-BE54-9A1E7A4F7556}") = "Abp.ZeroCore.EntityFrameworkCore", "AbpZero\Abp.ZeroCore.EntityFrameworkCore\Abp.ZeroCore.EntityFrameworkCore.csproj", "{2E9D8B86-6452-431D-B910-CD3036715254}"
EndProject
Project("{9A19103F-16F7-4668-BE54-9A1E7A4F7556}") = "Abp.GeneralTree", "AbpFramework\Abp.GeneralTree\Abp.GeneralTree.csproj", "{90FCC5E7-5F64-4E1C-B2DD-9B45F73CE39D}"
EndProject
Project("{2150E333-8FDC-42A3-9474-1A3956D46DE8}") = "Lib", "Lib", "{AB8D0BFE-BB52-42A4-B22F-B220D566ED63}"
EndProject
Project("{9A19103F-16F7-4668-BE54-9A1E7A4F7556}") = "Abp.AspNetCore.SignalR", "AbpFramework\Abp.AspNetCore.SignalR\Abp.AspNetCore.SignalR.csproj", "{04FBE769-9D4C-4579-8E87-07A1A89C9703}"
EndProject
Global
	GlobalSection(SolutionConfigurationPlatforms) = preSolution
		Debug|Any CPU = Debug|Any CPU
		Release|Any CPU = Release|Any CPU
	EndGlobalSection
	GlobalSection(ProjectConfigurationPlatforms) = postSolution
		{35231486-8F3D-4E3E-BEAD-349DE87FA96D}.Debug|Any CPU.ActiveCfg = Debug|Any CPU
		{35231486-8F3D-4E3E-BEAD-349DE87FA96D}.Debug|Any CPU.Build.0 = Debug|Any CPU
		{35231486-8F3D-4E3E-BEAD-349DE87FA96D}.Release|Any CPU.ActiveCfg = Release|Any CPU
		{35231486-8F3D-4E3E-BEAD-349DE87FA96D}.Release|Any CPU.Build.0 = Release|Any CPU
		{E60FCCAB-7004-48AA-AF6D-38CD2FBDE68C}.Debug|Any CPU.ActiveCfg = Debug|Any CPU
		{E60FCCAB-7004-48AA-AF6D-38CD2FBDE68C}.Debug|Any CPU.Build.0 = Debug|Any CPU
		{E60FCCAB-7004-48AA-AF6D-38CD2FBDE68C}.Release|Any CPU.ActiveCfg = Release|Any CPU
		{E60FCCAB-7004-48AA-AF6D-38CD2FBDE68C}.Release|Any CPU.Build.0 = Release|Any CPU
		{91A98D91-2310-4F8B-A9CC-119F02DD4377}.Debug|Any CPU.ActiveCfg = Debug|Any CPU
		{91A98D91-2310-4F8B-A9CC-119F02DD4377}.Debug|Any CPU.Build.0 = Debug|Any CPU
		{91A98D91-2310-4F8B-A9CC-119F02DD4377}.Release|Any CPU.ActiveCfg = Release|Any CPU
		{91A98D91-2310-4F8B-A9CC-119F02DD4377}.Release|Any CPU.Build.0 = Release|Any CPU
		{55D53444-67AD-41D3-950D-8F4F579E1862}.Debug|Any CPU.ActiveCfg = Debug|Any CPU
		{55D53444-67AD-41D3-950D-8F4F579E1862}.Debug|Any CPU.Build.0 = Debug|Any CPU
		{55D53444-67AD-41D3-950D-8F4F579E1862}.Release|Any CPU.ActiveCfg = Release|Any CPU
		{55D53444-67AD-41D3-950D-8F4F579E1862}.Release|Any CPU.Build.0 = Release|Any CPU
		{195717D4-FA0D-465D-92D4-D3DCB3BC67C5}.Debug|Any CPU.ActiveCfg = Debug|Any CPU
		{195717D4-FA0D-465D-92D4-D3DCB3BC67C5}.Debug|Any CPU.Build.0 = Debug|Any CPU
		{195717D4-FA0D-465D-92D4-D3DCB3BC67C5}.Release|Any CPU.ActiveCfg = Release|Any CPU
		{195717D4-FA0D-465D-92D4-D3DCB3BC67C5}.Release|Any CPU.Build.0 = Release|Any CPU
		{CAC591C9-8F56-47C4-B50C-2696E4EA774D}.Debug|Any CPU.ActiveCfg = Debug|Any CPU
		{CAC591C9-8F56-47C4-B50C-2696E4EA774D}.Debug|Any CPU.Build.0 = Debug|Any CPU
		{CAC591C9-8F56-47C4-B50C-2696E4EA774D}.Release|Any CPU.ActiveCfg = Release|Any CPU
		{CAC591C9-8F56-47C4-B50C-2696E4EA774D}.Release|Any CPU.Build.0 = Release|Any CPU
		{6E217256-3FF1-48B7-81DF-4874D2C4AA00}.Debug|Any CPU.ActiveCfg = Debug|Any CPU
		{6E217256-3FF1-48B7-81DF-4874D2C4AA00}.Debug|Any CPU.Build.0 = Debug|Any CPU
		{6E217256-3FF1-48B7-81DF-4874D2C4AA00}.Release|Any CPU.ActiveCfg = Release|Any CPU
		{6E217256-3FF1-48B7-81DF-4874D2C4AA00}.Release|Any CPU.Build.0 = Release|Any CPU
		{0D5784D2-D937-491A-8C93-6753E7842B34}.Debug|Any CPU.ActiveCfg = Debug|Any CPU
		{0D5784D2-D937-491A-8C93-6753E7842B34}.Debug|Any CPU.Build.0 = Debug|Any CPU
		{0D5784D2-D937-491A-8C93-6753E7842B34}.Release|Any CPU.ActiveCfg = Release|Any CPU
		{0D5784D2-D937-491A-8C93-6753E7842B34}.Release|Any CPU.Build.0 = Release|Any CPU
		{ED5DC473-A7AA-4DED-B155-2775A2C14365}.Debug|Any CPU.ActiveCfg = Debug|Any CPU
		{ED5DC473-A7AA-4DED-B155-2775A2C14365}.Debug|Any CPU.Build.0 = Debug|Any CPU
		{ED5DC473-A7AA-4DED-B155-2775A2C14365}.Release|Any CPU.ActiveCfg = Release|Any CPU
		{ED5DC473-A7AA-4DED-B155-2775A2C14365}.Release|Any CPU.Build.0 = Release|Any CPU
		{0D99BB89-15BE-42D1-B5F0-213F72E124CD}.Debug|Any CPU.ActiveCfg = Debug|Any CPU
		{0D99BB89-15BE-42D1-B5F0-213F72E124CD}.Debug|Any CPU.Build.0 = Debug|Any CPU
		{0D99BB89-15BE-42D1-B5F0-213F72E124CD}.Release|Any CPU.ActiveCfg = Release|Any CPU
		{0D99BB89-15BE-42D1-B5F0-213F72E124CD}.Release|Any CPU.Build.0 = Release|Any CPU
		{C688868D-9341-4447-AD15-A3CCF5B571BB}.Debug|Any CPU.ActiveCfg = Debug|Any CPU
		{C688868D-9341-4447-AD15-A3CCF5B571BB}.Debug|Any CPU.Build.0 = Debug|Any CPU
		{C688868D-9341-4447-AD15-A3CCF5B571BB}.Release|Any CPU.ActiveCfg = Release|Any CPU
		{C688868D-9341-4447-AD15-A3CCF5B571BB}.Release|Any CPU.Build.0 = Release|Any CPU
		{C24650E0-67B7-4A0F-B673-30E74633DBF1}.Debug|Any CPU.ActiveCfg = Debug|Any CPU
		{C24650E0-67B7-4A0F-B673-30E74633DBF1}.Debug|Any CPU.Build.0 = Debug|Any CPU
		{C24650E0-67B7-4A0F-B673-30E74633DBF1}.Release|Any CPU.ActiveCfg = Release|Any CPU
		{C24650E0-67B7-4A0F-B673-30E74633DBF1}.Release|Any CPU.Build.0 = Release|Any CPU
		{98A4A015-85D4-4D75-9960-DE689A8C11A8}.Debug|Any CPU.ActiveCfg = Debug|Any CPU
		{98A4A015-85D4-4D75-9960-DE689A8C11A8}.Debug|Any CPU.Build.0 = Debug|Any CPU
		{98A4A015-85D4-4D75-9960-DE689A8C11A8}.Release|Any CPU.ActiveCfg = Release|Any CPU
		{98A4A015-85D4-4D75-9960-DE689A8C11A8}.Release|Any CPU.Build.0 = Release|Any CPU
		{2E9D8B86-6452-431D-B910-CD3036715254}.Debug|Any CPU.ActiveCfg = Debug|Any CPU
		{2E9D8B86-6452-431D-B910-CD3036715254}.Debug|Any CPU.Build.0 = Debug|Any CPU
		{2E9D8B86-6452-431D-B910-CD3036715254}.Release|Any CPU.ActiveCfg = Release|Any CPU
		{2E9D8B86-6452-431D-B910-CD3036715254}.Release|Any CPU.Build.0 = Release|Any CPU
		{90FCC5E7-5F64-4E1C-B2DD-9B45F73CE39D}.Debug|Any CPU.ActiveCfg = Debug|Any CPU
		{90FCC5E7-5F64-4E1C-B2DD-9B45F73CE39D}.Debug|Any CPU.Build.0 = Debug|Any CPU
		{90FCC5E7-5F64-4E1C-B2DD-9B45F73CE39D}.Release|Any CPU.ActiveCfg = Release|Any CPU
		{90FCC5E7-5F64-4E1C-B2DD-9B45F73CE39D}.Release|Any CPU.Build.0 = Release|Any CPU
		{04FBE769-9D4C-4579-8E87-07A1A89C9703}.Debug|Any CPU.ActiveCfg = Debug|Any CPU
		{04FBE769-9D4C-4579-8E87-07A1A89C9703}.Debug|Any CPU.Build.0 = Debug|Any CPU
		{04FBE769-9D4C-4579-8E87-07A1A89C9703}.Release|Any CPU.ActiveCfg = Release|Any CPU
		{04FBE769-9D4C-4579-8E87-07A1A89C9703}.Release|Any CPU.Build.0 = Release|Any CPU
	EndGlobalSection
	GlobalSection(SolutionProperties) = preSolution
		HideSolutionNode = FALSE
	EndGlobalSection
	GlobalSection(NestedProjects) = preSolution
		{195717D4-FA0D-465D-92D4-D3DCB3BC67C5} = {FA704B32-F9F2-4E24-AAF6-7757FB3E1D6B}
		{F70F1382-43F5-49E7-8009-D49DD8FB156F} = {FA704B32-F9F2-4E24-AAF6-7757FB3E1D6B}
		{CAC591C9-8F56-47C4-B50C-2696E4EA774D} = {F70F1382-43F5-49E7-8009-D49DD8FB156F}
		{6E217256-3FF1-48B7-81DF-4874D2C4AA00} = {F70F1382-43F5-49E7-8009-D49DD8FB156F}
		{92F00D0E-E7E1-4883-9E6B-470B2AE0F564} = {FA704B32-F9F2-4E24-AAF6-7757FB3E1D6B}
		{0D5784D2-D937-491A-8C93-6753E7842B34} = {92F00D0E-E7E1-4883-9E6B-470B2AE0F564}
		{ED5DC473-A7AA-4DED-B155-2775A2C14365} = {92F00D0E-E7E1-4883-9E6B-470B2AE0F564}
		{E2A91B71-EAFF-49C6-9F57-8786A0BED94D} = {FA704B32-F9F2-4E24-AAF6-7757FB3E1D6B}
		{0D99BB89-15BE-42D1-B5F0-213F72E124CD} = {E2A91B71-EAFF-49C6-9F57-8786A0BED94D}
		{6A7698DB-9560-4CDE-9E0D-D3ABF312867F} = {FA704B32-F9F2-4E24-AAF6-7757FB3E1D6B}
		{C688868D-9341-4447-AD15-A3CCF5B571BB} = {6A7698DB-9560-4CDE-9E0D-D3ABF312867F}
		{C24650E0-67B7-4A0F-B673-30E74633DBF1} = {37B24F0C-2F3E-439E-948D-3FA5B0ABA1D2}
		{98A4A015-85D4-4D75-9960-DE689A8C11A8} = {37B24F0C-2F3E-439E-948D-3FA5B0ABA1D2}
		{2E9D8B86-6452-431D-B910-CD3036715254} = {37B24F0C-2F3E-439E-948D-3FA5B0ABA1D2}
		{90FCC5E7-5F64-4E1C-B2DD-9B45F73CE39D} = {FA704B32-F9F2-4E24-AAF6-7757FB3E1D6B}
		{AB8D0BFE-BB52-42A4-B22F-B220D566ED63} = {FA704B32-F9F2-4E24-AAF6-7757FB3E1D6B}
		{04FBE769-9D4C-4579-8E87-07A1A89C9703} = {AB8D0BFE-BB52-42A4-B22F-B220D566ED63}
	EndGlobalSection
	GlobalSection(ExtensibilityGlobals) = postSolution
		SolutionGuid = {9ED0FC8C-7828-4139-BC07-E0A3A27D87B3}
	EndGlobalSection
EndGlobal
